// !$*UTF8*$!
{
	archiveVersion = 1;
	classes = {
	};
	objectVersion = 55;
	objects = {

/* Begin PBXBuildFile section */
		421B0E15273C473F0024831A /* watchBrowse WatchKit App.app in Embed Watch Content */ = {isa = PBXBuildFile; fileRef = 421B0E14273C473F0024831A /* watchBrowse WatchKit App.app */; settings = {ATTRIBUTES = (RemoveHeadersOnCopy, ); }; };
		421B0E1A273C47400024831A /* Assets.xcassets in Resources */ = {isa = PBXBuildFile; fileRef = 421B0E19273C47400024831A /* Assets.xcassets */; };
		421B0E20273C47400024831A /* watchBrowse WatchKit Extension.appex in Embed App Extensions */ = {isa = PBXBuildFile; fileRef = 421B0E1F273C47400024831A /* watchBrowse WatchKit Extension.appex */; settings = {ATTRIBUTES = (RemoveHeadersOnCopy, ); }; };
		421B0E25273C47400024831A /* ContentView.swift in Sources */ = {isa = PBXBuildFile; fileRef = 421B0E24273C47400024831A /* ContentView.swift */; };
		421B0E27273C47400024831A /* watchBrowseApp.swift in Sources */ = {isa = PBXBuildFile; fileRef = 421B0E26273C47400024831A /* watchBrowseApp.swift */; };
		421B0E29273C47400024831A /* ComplicationController.swift in Sources */ = {isa = PBXBuildFile; fileRef = 421B0E28273C47400024831A /* ComplicationController.swift */; };
		421B0E2E273C47400024831A /* Preview Assets.xcassets in Resources */ = {isa = PBXBuildFile; fileRef = 421B0E2D273C47400024831A /* Preview Assets.xcassets */; };
		421B0E41273C47ED0024831A /* Dynamic in Frameworks */ = {isa = PBXBuildFile; productRef = 421B0E40273C47ED0024831A /* Dynamic */; };
/* End PBXBuildFile section */

/* Begin PBXContainerItemProxy section */
		421B0E16273C473F0024831A /* PBXContainerItemProxy */ = {
			isa = PBXContainerItemProxy;
			containerPortal = 421B0E0A273C473F0024831A /* Project object */;
			proxyType = 1;
			remoteGlobalIDString = 421B0E13273C473F0024831A;
			remoteInfo = "watchBrowse WatchKit App";
		};
		421B0E21273C47400024831A /* PBXContainerItemProxy */ = {
			isa = PBXContainerItemProxy;
			containerPortal = 421B0E0A273C473F0024831A /* Project object */;
			proxyType = 1;
			remoteGlobalIDString = 421B0E1E273C47400024831A;
			remoteInfo = "watchBrowse WatchKit Extension";
		};
/* End PBXContainerItemProxy section */

/* Begin PBXCopyFilesBuildPhase section */
		421B0E35273C47400024831A /* Embed App Extensions */ = {
			isa = PBXCopyFilesBuildPhase;
			buildActionMask = 2147483647;
			dstPath = "";
			dstSubfolderSpec = 13;
			files = (
				421B0E20273C47400024831A /* watchBrowse WatchKit Extension.appex in Embed App Extensions */,
			);
			name = "Embed App Extensions";
			runOnlyForDeploymentPostprocessing = 0;
		};
		421B0E39273C47400024831A /* Embed Watch Content */ = {
			isa = PBXCopyFilesBuildPhase;
			buildActionMask = 2147483647;
			dstPath = "$(CONTENTS_FOLDER_PATH)/Watch";
			dstSubfolderSpec = 16;
			files = (
				421B0E15273C473F0024831A /* watchBrowse WatchKit App.app in Embed Watch Content */,
			);
			name = "Embed Watch Content";
			runOnlyForDeploymentPostprocessing = 0;
		};
/* End PBXCopyFilesBuildPhase section */

/* Begin PBXFileReference section */
		421B0E10273C473F0024831A /* watchBrowse.app */ = {isa = PBXFileReference; explicitFileType = wrapper.application; includeInIndex = 0; path = watchBrowse.app; sourceTree = BUILT_PRODUCTS_DIR; };
		421B0E14273C473F0024831A /* watchBrowse WatchKit App.app */ = {isa = PBXFileReference; explicitFileType = wrapper.application; includeInIndex = 0; path = "watchBrowse WatchKit App.app"; sourceTree = BUILT_PRODUCTS_DIR; };
		421B0E19273C47400024831A /* Assets.xcassets */ = {isa = PBXFileReference; lastKnownFileType = folder.assetcatalog; path = Assets.xcassets; sourceTree = "<group>"; };
		421B0E1F273C47400024831A /* watchBrowse WatchKit Extension.appex */ = {isa = PBXFileReference; explicitFileType = "wrapper.app-extension"; includeInIndex = 0; path = "watchBrowse WatchKit Extension.appex"; sourceTree = BUILT_PRODUCTS_DIR; };
		421B0E24273C47400024831A /* ContentView.swift */ = {isa = PBXFileReference; lastKnownFileType = sourcecode.swift; path = ContentView.swift; sourceTree = "<group>"; };
		421B0E26273C47400024831A /* watchBrowseApp.swift */ = {isa = PBXFileReference; lastKnownFileType = sourcecode.swift; path = watchBrowseApp.swift; sourceTree = "<group>"; };
		421B0E28273C47400024831A /* ComplicationController.swift */ = {isa = PBXFileReference; lastKnownFileType = sourcecode.swift; path = ComplicationController.swift; sourceTree = "<group>"; };
		421B0E2D273C47400024831A /* Preview Assets.xcassets */ = {isa = PBXFileReference; lastKnownFileType = folder.assetcatalog; path = "Preview Assets.xcassets"; sourceTree = "<group>"; };
		421B0E2F273C47400024831A /* Info.plist */ = {isa = PBXFileReference; lastKnownFileType = text.plist.xml; path = Info.plist; sourceTree = "<group>"; };
/* End PBXFileReference section */

/* Begin PBXFrameworksBuildPhase section */
		421B0E1C273C47400024831A /* Frameworks */ = {
			isa = PBXFrameworksBuildPhase;
			buildActionMask = 2147483647;
			files = (
				421B0E41273C47ED0024831A /* Dynamic in Frameworks */,
			);
			runOnlyForDeploymentPostprocessing = 0;
		};
/* End PBXFrameworksBuildPhase section */

/* Begin PBXGroup section */
		421B0E09273C473F0024831A = {
			isa = PBXGroup;
			children = (
				421B0E18273C473F0024831A /* watchBrowse WatchKit App */,
				421B0E23273C47400024831A /* watchBrowse WatchKit Extension */,
				421B0E11273C473F0024831A /* Products */,
				421B0E3F273C47ED0024831A /* Frameworks */,
			);
			sourceTree = "<group>";
		};
		421B0E11273C473F0024831A /* Products */ = {
			isa = PBXGroup;
			children = (
				421B0E10273C473F0024831A /* watchBrowse.app */,
				421B0E14273C473F0024831A /* watchBrowse WatchKit App.app */,
				421B0E1F273C47400024831A /* watchBrowse WatchKit Extension.appex */,
			);
			name = Products;
			sourceTree = "<group>";
		};
		421B0E18273C473F0024831A /* watchBrowse WatchKit App */ = {
			isa = PBXGroup;
			children = (
				421B0E19273C47400024831A /* Assets.xcassets */,
			);
			path = "watchBrowse WatchKit App";
			sourceTree = "<group>";
		};
		421B0E23273C47400024831A /* watchBrowse WatchKit Extension */ = {
			isa = PBXGroup;
			children = (
				421B0E24273C47400024831A /* ContentView.swift */,
				421B0E26273C47400024831A /* watchBrowseApp.swift */,
				421B0E28273C47400024831A /* ComplicationController.swift */,
				421B0E2F273C47400024831A /* Info.plist */,
				421B0E2C273C47400024831A /* Preview Content */,
			);
			path = "watchBrowse WatchKit Extension";
			sourceTree = "<group>";
		};
		421B0E2C273C47400024831A /* Preview Content */ = {
			isa = PBXGroup;
			children = (
				421B0E2D273C47400024831A /* Preview Assets.xcassets */,
			);
			path = "Preview Content";
			sourceTree = "<group>";
		};
		421B0E3F273C47ED0024831A /* Frameworks */ = {
			isa = PBXGroup;
			children = (
			);
			name = Frameworks;
			sourceTree = "<group>";
		};
/* End PBXGroup section */

/* Begin PBXNativeTarget section */
		421B0E0F273C473F0024831A /* watchBrowse */ = {
			isa = PBXNativeTarget;
			buildConfigurationList = 421B0E3A273C47400024831A /* Build configuration list for PBXNativeTarget "watchBrowse" */;
			buildPhases = (
				421B0E0E273C473F0024831A /* Resources */,
				421B0E39273C47400024831A /* Embed Watch Content */,
			);
			buildRules = (
			);
			dependencies = (
				421B0E17273C473F0024831A /* PBXTargetDependency */,
			);
			name = watchBrowse;
			packageProductDependencies = (
				421B0E3E273C47C10024831A /* Dynamic */,
			);
			productName = watchBrowse;
			productReference = 421B0E10273C473F0024831A /* watchBrowse.app */;
			productType = "com.apple.product-type.application.watchapp2-container";
		};
		421B0E13273C473F0024831A /* watchBrowse WatchKit App */ = {
			isa = PBXNativeTarget;
			buildConfigurationList = 421B0E36273C47400024831A /* Build configuration list for PBXNativeTarget "watchBrowse WatchKit App" */;
			buildPhases = (
				421B0E12273C473F0024831A /* Resources */,
				421B0E35273C47400024831A /* Embed App Extensions */,
			);
			buildRules = (
			);
			dependencies = (
				421B0E22273C47400024831A /* PBXTargetDependency */,
			);
			name = "watchBrowse WatchKit App";
			productName = "watchBrowse WatchKit App";
			productReference = 421B0E14273C473F0024831A /* watchBrowse WatchKit App.app */;
			productType = "com.apple.product-type.application.watchapp2";
		};
		421B0E1E273C47400024831A /* watchBrowse WatchKit Extension */ = {
			isa = PBXNativeTarget;
			buildConfigurationList = 421B0E32273C47400024831A /* Build configuration list for PBXNativeTarget "watchBrowse WatchKit Extension" */;
			buildPhases = (
				421B0E1B273C47400024831A /* Sources */,
				421B0E1C273C47400024831A /* Frameworks */,
				421B0E1D273C47400024831A /* Resources */,
			);
			buildRules = (
			);
			dependencies = (
			);
			name = "watchBrowse WatchKit Extension";
			packageProductDependencies = (
				421B0E40273C47ED0024831A /* Dynamic */,
			);
			productName = "watchBrowse WatchKit Extension";
			productReference = 421B0E1F273C47400024831A /* watchBrowse WatchKit Extension.appex */;
			productType = "com.apple.product-type.watchkit2-extension";
		};
/* End PBXNativeTarget section */

/* Begin PBXProject section */
		421B0E0A273C473F0024831A /* Project object */ = {
			isa = PBXProject;
			attributes = {
				BuildIndependentTargetsInParallel = 1;
				LastSwiftUpdateCheck = 1320;
				LastUpgradeCheck = 1320;
				TargetAttributes = {
					421B0E0F273C473F0024831A = {
						CreatedOnToolsVersion = 13.2;
					};
					421B0E13273C473F0024831A = {
						CreatedOnToolsVersion = 13.2;
					};
					421B0E1E273C47400024831A = {
						CreatedOnToolsVersion = 13.2;
					};
				};
			};
			buildConfigurationList = 421B0E0D273C473F0024831A /* Build configuration list for PBXProject "watchBrowse" */;
			compatibilityVersion = "Xcode 13.0";
			developmentRegion = en;
			hasScannedForEncodings = 0;
			knownRegions = (
				en,
				Base,
			);
			mainGroup = 421B0E09273C473F0024831A;
			packageReferences = (
				421B0E3D273C47C10024831A /* XCRemoteSwiftPackageReference "Dynamic" */,
			);
			productRefGroup = 421B0E11273C473F0024831A /* Products */;
			projectDirPath = "";
			projectRoot = "";
			targets = (
				421B0E0F273C473F0024831A /* watchBrowse */,
				421B0E13273C473F0024831A /* watchBrowse WatchKit App */,
				421B0E1E273C47400024831A /* watchBrowse WatchKit Extension */,
			);
		};
/* End PBXProject section */

/* Begin PBXResourcesBuildPhase section */
		421B0E0E273C473F0024831A /* Resources */ = {
			isa = PBXResourcesBuildPhase;
			buildActionMask = 2147483647;
			files = (
			);
			runOnlyForDeploymentPostprocessing = 0;
		};
		421B0E12273C473F0024831A /* Resources */ = {
			isa = PBXResourcesBuildPhase;
			buildActionMask = 2147483647;
			files = (
				421B0E1A273C47400024831A /* Assets.xcassets in Resources */,
			);
			runOnlyForDeploymentPostprocessing = 0;
		};
		421B0E1D273C47400024831A /* Resources */ = {
			isa = PBXResourcesBuildPhase;
			buildActionMask = 2147483647;
			files = (
				421B0E2E273C47400024831A /* Preview Assets.xcassets in Resources */,
			);
			runOnlyForDeploymentPostprocessing = 0;
		};
/* End PBXResourcesBuildPhase section */

/* Begin PBXSourcesBuildPhase section */
		421B0E1B273C47400024831A /* Sources */ = {
			isa = PBXSourcesBuildPhase;
			buildActionMask = 2147483647;
			files = (
				421B0E25273C47400024831A /* ContentView.swift in Sources */,
				421B0E27273C47400024831A /* watchBrowseApp.swift in Sources */,
				421B0E29273C47400024831A /* ComplicationController.swift in Sources */,
			);
			runOnlyForDeploymentPostprocessing = 0;
		};
/* End PBXSourcesBuildPhase section */

/* Begin PBXTargetDependency section */
		421B0E17273C473F0024831A /* PBXTargetDependency */ = {
			isa = PBXTargetDependency;
			target = 421B0E13273C473F0024831A /* watchBrowse WatchKit App */;
			targetProxy = 421B0E16273C473F0024831A /* PBXContainerItemProxy */;
		};
		421B0E22273C47400024831A /* PBXTargetDependency */ = {
			isa = PBXTargetDependency;
			target = 421B0E1E273C47400024831A /* watchBrowse WatchKit Extension */;
			targetProxy = 421B0E21273C47400024831A /* PBXContainerItemProxy */;
		};
/* End PBXTargetDependency section */

/* Begin XCBuildConfiguration section */
		421B0E30273C47400024831A /* Debug */ = {
			isa = XCBuildConfiguration;
			buildSettings = {
				ALWAYS_SEARCH_USER_PATHS = NO;
				CLANG_ANALYZER_NONNULL = YES;
				CLANG_ANALYZER_NUMBER_OBJECT_CONVERSION = YES_AGGRESSIVE;
				CLANG_CXX_LANGUAGE_STANDARD = "gnu++17";
				CLANG_CXX_LIBRARY = "libc++";
				CLANG_ENABLE_MODULES = YES;
				CLANG_ENABLE_OBJC_ARC = YES;
				CLANG_ENABLE_OBJC_WEAK = YES;
				CLANG_WARN_BLOCK_CAPTURE_AUTORELEASING = YES;
				CLANG_WARN_BOOL_CONVERSION = YES;
				CLANG_WARN_COMMA = YES;
				CLANG_WARN_CONSTANT_CONVERSION = YES;
				CLANG_WARN_DEPRECATED_OBJC_IMPLEMENTATIONS = YES;
				CLANG_WARN_DIRECT_OBJC_ISA_USAGE = YES_ERROR;
				CLANG_WARN_DOCUMENTATION_COMMENTS = YES;
				CLANG_WARN_EMPTY_BODY = YES;
				CLANG_WARN_ENUM_CONVERSION = YES;
				CLANG_WARN_INFINITE_RECURSION = YES;
				CLANG_WARN_INT_CONVERSION = YES;
				CLANG_WARN_NON_LITERAL_NULL_CONVERSION = YES;
				CLANG_WARN_OBJC_IMPLICIT_RETAIN_SELF = YES;
				CLANG_WARN_OBJC_LITERAL_CONVERSION = YES;
				CLANG_WARN_OBJC_ROOT_CLASS = YES_ERROR;
				CLANG_WARN_QUOTED_INCLUDE_IN_FRAMEWORK_HEADER = YES;
				CLANG_WARN_RANGE_LOOP_ANALYSIS = YES;
				CLANG_WARN_STRICT_PROTOTYPES = YES;
				CLANG_WARN_SUSPICIOUS_MOVE = YES;
				CLANG_WARN_UNGUARDED_AVAILABILITY = YES_AGGRESSIVE;
				CLANG_WARN_UNREACHABLE_CODE = YES;
				CLANG_WARN__DUPLICATE_METHOD_MATCH = YES;
				COPY_PHASE_STRIP = NO;
				DEBUG_INFORMATION_FORMAT = dwarf;
				ENABLE_STRICT_OBJC_MSGSEND = YES;
				ENABLE_TESTABILITY = YES;
				GCC_C_LANGUAGE_STANDARD = gnu11;
				GCC_DYNAMIC_NO_PIC = NO;
				GCC_NO_COMMON_BLOCKS = YES;
				GCC_OPTIMIZATION_LEVEL = 0;
				GCC_PREPROCESSOR_DEFINITIONS = (
					"DEBUG=1",
					"$(inherited)",
				);
				GCC_WARN_64_TO_32_BIT_CONVERSION = YES;
				GCC_WARN_ABOUT_RETURN_TYPE = YES_ERROR;
				GCC_WARN_UNDECLARED_SELECTOR = YES;
				GCC_WARN_UNINITIALIZED_AUTOS = YES_AGGRESSIVE;
				GCC_WARN_UNUSED_FUNCTION = YES;
				GCC_WARN_UNUSED_VARIABLE = YES;
				MTL_ENABLE_DEBUG_INFO = INCLUDE_SOURCE;
				MTL_FAST_MATH = YES;
				ONLY_ACTIVE_ARCH = YES;
				SDKROOT = iphoneos;
				SWIFT_ACTIVE_COMPILATION_CONDITIONS = DEBUG;
				SWIFT_OPTIMIZATION_LEVEL = "-Onone";
			};
			name = Debug;
		};
		421B0E31273C47400024831A /* Release */ = {
			isa = XCBuildConfiguration;
			buildSettings = {
				ALWAYS_SEARCH_USER_PATHS = NO;
				CLANG_ANALYZER_NONNULL = YES;
				CLANG_ANALYZER_NUMBER_OBJECT_CONVERSION = YES_AGGRESSIVE;
				CLANG_CXX_LANGUAGE_STANDARD = "gnu++17";
				CLANG_CXX_LIBRARY = "libc++";
				CLANG_ENABLE_MODULES = YES;
				CLANG_ENABLE_OBJC_ARC = YES;
				CLANG_ENABLE_OBJC_WEAK = YES;
				CLANG_WARN_BLOCK_CAPTURE_AUTORELEASING = YES;
				CLANG_WARN_BOOL_CONVERSION = YES;
				CLANG_WARN_COMMA = YES;
				CLANG_WARN_CONSTANT_CONVERSION = YES;
				CLANG_WARN_DEPRECATED_OBJC_IMPLEMENTATIONS = YES;
				CLANG_WARN_DIRECT_OBJC_ISA_USAGE = YES_ERROR;
				CLANG_WARN_DOCUMENTATION_COMMENTS = YES;
				CLANG_WARN_EMPTY_BODY = YES;
				CLANG_WARN_ENUM_CONVERSION = YES;
				CLANG_WARN_INFINITE_RECURSION = YES;
				CLANG_WARN_INT_CONVERSION = YES;
				CLANG_WARN_NON_LITERAL_NULL_CONVERSION = YES;
				CLANG_WARN_OBJC_IMPLICIT_RETAIN_SELF = YES;
				CLANG_WARN_OBJC_LITERAL_CONVERSION = YES;
				CLANG_WARN_OBJC_ROOT_CLASS = YES_ERROR;
				CLANG_WARN_QUOTED_INCLUDE_IN_FRAMEWORK_HEADER = YES;
				CLANG_WARN_RANGE_LOOP_ANALYSIS = YES;
				CLANG_WARN_STRICT_PROTOTYPES = YES;
				CLANG_WARN_SUSPICIOUS_MOVE = YES;
				CLANG_WARN_UNGUARDED_AVAILABILITY = YES_AGGRESSIVE;
				CLANG_WARN_UNREACHABLE_CODE = YES;
				CLANG_WARN__DUPLICATE_METHOD_MATCH = YES;
				COPY_PHASE_STRIP = NO;
				DEBUG_INFORMATION_FORMAT = "dwarf-with-dsym";
				ENABLE_NS_ASSERTIONS = NO;
				ENABLE_STRICT_OBJC_MSGSEND = YES;
				GCC_C_LANGUAGE_STANDARD = gnu11;
				GCC_NO_COMMON_BLOCKS = YES;
				GCC_WARN_64_TO_32_BIT_CONVERSION = YES;
				GCC_WARN_ABOUT_RETURN_TYPE = YES_ERROR;
				GCC_WARN_UNDECLARED_SELECTOR = YES;
				GCC_WARN_UNINITIALIZED_AUTOS = YES_AGGRESSIVE;
				GCC_WARN_UNUSED_FUNCTION = YES;
				GCC_WARN_UNUSED_VARIABLE = YES;
				MTL_ENABLE_DEBUG_INFO = NO;
				MTL_FAST_MATH = YES;
				SDKROOT = iphoneos;
				SWIFT_COMPILATION_MODE = wholemodule;
				SWIFT_OPTIMIZATION_LEVEL = "-O";
				VALIDATE_PRODUCT = YES;
			};
			name = Release;
		};
		421B0E33273C47400024831A /* Debug */ = {
			isa = XCBuildConfiguration;
			buildSettings = {
				CODE_SIGN_STYLE = Automatic;
				CURRENT_PROJECT_VERSION = 1;
				DEVELOPMENT_ASSET_PATHS = "\"watchBrowse WatchKit Extension/Preview Content\"";
				DEVELOPMENT_TEAM = NP873NYDVX;
				ENABLE_PREVIEWS = YES;
				GENERATE_INFOPLIST_FILE = YES;
				INFOPLIST_FILE = "watchBrowse WatchKit Extension/Info.plist";
				INFOPLIST_KEY_CFBundleDisplayName = "watchBrowse WatchKit Extension";
				INFOPLIST_KEY_NSHumanReadableCopyright = "";
				INFOPLIST_KEY_WKWatchOnly = YES;
				LD_RUNPATH_SEARCH_PATHS = (
					"$(inherited)",
					"@executable_path/Frameworks",
					"@executable_path/../../Frameworks",
				);
				MARKETING_VERSION = 1.0;
				PRODUCT_BUNDLE_IDENTIFIER = space.joscomputing.watchBrowse.watchkitapp.watchkitextension;
				PRODUCT_NAME = "${TARGET_NAME}";
				SDKROOT = watchos;
				SKIP_INSTALL = YES;
				SWIFT_EMIT_LOC_STRINGS = YES;
				SWIFT_VERSION = 5.0;
				TARGETED_DEVICE_FAMILY = 4;
				WATCHOS_DEPLOYMENT_TARGET = 8.3;
			};
			name = Debug;
		};
		421B0E34273C47400024831A /* Release */ = {
			isa = XCBuildConfiguration;
			buildSettings = {
				CODE_SIGN_STYLE = Automatic;
				CURRENT_PROJECT_VERSION = 1;
				DEVELOPMENT_ASSET_PATHS = "\"watchBrowse WatchKit Extension/Preview Content\"";
				DEVELOPMENT_TEAM = NP873NYDVX;
				ENABLE_PREVIEWS = YES;
				GENERATE_INFOPLIST_FILE = YES;
				INFOPLIST_FILE = "watchBrowse WatchKit Extension/Info.plist";
				INFOPLIST_KEY_CFBundleDisplayName = "watchBrowse WatchKit Extension";
				INFOPLIST_KEY_NSHumanReadableCopyright = "";
				INFOPLIST_KEY_WKWatchOnly = YES;
				LD_RUNPATH_SEARCH_PATHS = (
					"$(inherited)",
					"@executable_path/Frameworks",
					"@executable_path/../../Frameworks",
				);
				MARKETING_VERSION = 1.0;
				PRODUCT_BUNDLE_IDENTIFIER = space.joscomputing.watchBrowse.watchkitapp.watchkitextension;
				PRODUCT_NAME = "${TARGET_NAME}";
				SDKROOT = watchos;
				SKIP_INSTALL = YES;
				SWIFT_EMIT_LOC_STRINGS = YES;
				SWIFT_VERSION = 5.0;
				TARGETED_DEVICE_FAMILY = 4;
				WATCHOS_DEPLOYMENT_TARGET = 8.3;
			};
			name = Release;
		};
		421B0E37273C47400024831A /* Debug */ = {
			isa = XCBuildConfiguration;
			buildSettings = {
				ALWAYS_EMBED_SWIFT_STANDARD_LIBRARIES = YES;
				ASSETCATALOG_COMPILER_APPICON_NAME = AppIcon;
				ASSETCATALOG_COMPILER_GLOBAL_ACCENT_COLOR_NAME = AccentColor;
				CODE_SIGN_STYLE = Automatic;
				CURRENT_PROJECT_VERSION = 1;
				DEVELOPMENT_TEAM = NP873NYDVX;
				GENERATE_INFOPLIST_FILE = YES;
				IBSC_MODULE = watchBrowse_WatchKit_Extension;
				INFOPLIST_KEY_CFBundleDisplayName = "watchBrowse WatchKit App";
				INFOPLIST_KEY_NSContactsUsageDescription = "Apparently the watchOS keyboard requires Contacts access when pulled up via WebKit.";
				INFOPLIST_KEY_UISupportedInterfaceOrientations = "UIInterfaceOrientationPortrait UIInterfaceOrientationPortraitUpsideDown";
				MARKETING_VERSION = 1.0;
				PRODUCT_BUNDLE_IDENTIFIER = space.joscomputing.watchBrowse.watchkitapp;
				PRODUCT_NAME = "$(TARGET_NAME)";
				SDKROOT = watchos;
				SKIP_INSTALL = YES;
				SWIFT_EMIT_LOC_STRINGS = YES;
				SWIFT_VERSION = 5.0;
				TARGETED_DEVICE_FAMILY = 4;
				WATCHOS_DEPLOYMENT_TARGET = 8.3;
			};
			name = Debug;
		};
		421B0E38273C47400024831A /* Release */ = {
			isa = XCBuildConfiguration;
			buildSettings = {
				ALWAYS_EMBED_SWIFT_STANDARD_LIBRARIES = YES;
				ASSETCATALOG_COMPILER_APPICON_NAME = AppIcon;
				ASSETCATALOG_COMPILER_GLOBAL_ACCENT_COLOR_NAME = AccentColor;
				CODE_SIGN_STYLE = Automatic;
				CURRENT_PROJECT_VERSION = 1;
				DEVELOPMENT_TEAM = NP873NYDVX;
				GENERATE_INFOPLIST_FILE = YES;
				IBSC_MODULE = watchBrowse_WatchKit_Extension;
				INFOPLIST_KEY_CFBundleDisplayName = "watchBrowse WatchKit App";
				INFOPLIST_KEY_NSContactsUsageDescription = "Apparently the watchOS keyboard requires Contacts access when pulled up via WebKit.";
				INFOPLIST_KEY_UISupportedInterfaceOrientations = "UIInterfaceOrientationPortrait UIInterfaceOrientationPortraitUpsideDown";
				MARKETING_VERSION = 1.0;
				PRODUCT_BUNDLE_IDENTIFIER = space.joscomputing.watchBrowse.watchkitapp;
				PRODUCT_NAME = "$(TARGET_NAME)";
				SDKROOT = watchos;
				SKIP_INSTALL = YES;
				SWIFT_EMIT_LOC_STRINGS = YES;
				SWIFT_VERSION = 5.0;
				TARGETED_DEVICE_FAMILY = 4;
				WATCHOS_DEPLOYMENT_TARGET = 8.3;
			};
			name = Release;
		};
		421B0E3B273C47400024831A /* Debug */ = {
			isa = XCBuildConfiguration;
			buildSettings = {
				CODE_SIGN_STYLE = Automatic;
				CURRENT_PROJECT_VERSION = 1;
				DEVELOPMENT_TEAM = NP873NYDVX;
				MARKETING_VERSION = 1.0;
				PRODUCT_BUNDLE_IDENTIFIER = space.joscomputing.watchBrowse;
				PRODUCT_NAME = "$(TARGET_NAME)";
				SWIFT_VERSION = 5.0;
			};
			name = Debug;
		};
		421B0E3C273C47400024831A /* Release */ = {
			isa = XCBuildConfiguration;
			buildSettings = {
				CODE_SIGN_STYLE = Automatic;
				CURRENT_PROJECT_VERSION = 1;
				DEVELOPMENT_TEAM = NP873NYDVX;
				MARKETING_VERSION = 1.0;
				PRODUCT_BUNDLE_IDENTIFIER = space.joscomputing.watchBrowse;
				PRODUCT_NAME = "$(TARGET_NAME)";
				SWIFT_VERSION = 5.0;
			};
			name = Release;
		};
/* End XCBuildConfiguration section */

/* Begin XCConfigurationList section */
		421B0E0D273C473F0024831A /* Build configuration list for PBXProject "watchBrowse" */ = {
			isa = XCConfigurationList;
			buildConfigurations = (
				421B0E30273C47400024831A /* Debug */,
				421B0E31273C47400024831A /* Release */,
			);
			defaultConfigurationIsVisible = 0;
			defaultConfigurationName = Release;
		};
		421B0E32273C47400024831A /* Build configuration list for PBXNativeTarget "watchBrowse WatchKit Extension" */ = {
			isa = XCConfigurationList;
			buildConfigurations = (
				421B0E33273C47400024831A /* Debug */,
				421B0E34273C47400024831A /* Release */,
			);
			defaultConfigurationIsVisible = 0;
			defaultConfigurationName = Release;
		};
		421B0E36273C47400024831A /* Build configuration list for PBXNativeTarget "watchBrowse WatchKit App" */ = {
			isa = XCConfigurationList;
			buildConfigurations = (
				421B0E37273C47400024831A /* Debug */,
				421B0E38273C47400024831A /* Release */,
			);
			defaultConfigurationIsVisible = 0;
			defaultConfigurationName = Release;
		};
		421B0E3A273C47400024831A /* Build configuration list for PBXNativeTarget "watchBrowse" */ = {
			isa = XCConfigurationList;
			buildConfigurations = (
				421B0E3B273C47400024831A /* Debug */,
				421B0E3C273C47400024831A /* Release */,
			);
			defaultConfigurationIsVisible = 0;
			defaultConfigurationName = Release;
		};
/* End XCConfigurationList section */

/* Begin XCRemoteSwiftPackageReference section */
		421B0E3D273C47C10024831A /* XCRemoteSwiftPackageReference "Dynamic" */ = {
			isa = XCRemoteSwiftPackageReference;
			repositoryURL = "https://github.com/mhdhejazi/Dynamic";
			requirement = {
				kind = upToNextMajorVersion;
				minimumVersion = 1.2.0;
			};
		};
/* End XCRemoteSwiftPackageReference section */

/* Begin XCSwiftPackageProductDependency section */
		421B0E3E273C47C10024831A /* Dynamic */ = {
			isa = XCSwiftPackageProductDependency;
			package = 421B0E3D273C47C10024831A /* XCRemoteSwiftPackageReference "Dynamic" */;
			productName = Dynamic;
		};
		421B0E40273C47ED0024831A /* Dynamic */ = {
			isa = XCSwiftPackageProductDependency;
			package = 421B0E3D273C47C10024831A /* XCRemoteSwiftPackageReference "Dynamic" */;
			productName = Dynamic;
		};
/* End XCSwiftPackageProductDependency section */
	};
	rootObject = 421B0E0A273C473F0024831A /* Project object */;
}
